dependencies:
- condition: ""
  enabled: false
  import-values: null
  name: mongodb
  repository: https://kubernetes-charts.storage.googleapis.com
  tags: null
  version: 0.4.7
digest: sha256:6c28cbe5800a86b0c9bd4c44b93c49abdcc3146d5fdcf2f31832f7187c0dded5
generated: 2017-05-10T13:14:44.376130005+01:00
